
Microsoft Visual Studio Solution File, Format Version 12.00
# Visual Studio Version 17
VisualStudioVersion = 17.0.32112.339
MinimumVisualStudioVersion = 10.0.40219.1
Project("{FAE04EC0-301F-11D3-BF4B-00C04F79EFBC}") = "Lista_Mercado.UWP", "Lista_Mercado\Lista_Mercado.UWP\Lista_Mercado.UWP.csproj", "{2F7AE709-7244-4090-A4B9-1EE8A1180458}"
EndProject
Project("{FAE04EC0-301F-11D3-BF4B-00C04F79EFBC}") = "Lista_Mercado.Android", "Lista_Mercado\Lista_Mercado.Android\Lista_Mercado.Android.csproj", "{9BE48200-F62F-497B-9598-E25C2706D6D9}"
EndProject
Project("{FAE04EC0-301F-11D3-BF4B-00C04F79EFBC}") = "Lista_Mercado", "Lista_Mercado\Lista_Mercado\Lista_Mercado.csproj", "{7C9146C0-7E01-4192-BC20-77F6B302CE72}"
EndProject
Global
	GlobalSection(SolutionConfigurationPlatforms) = preSolution
		Debug|Any CPU = Debug|Any CPU
		Debug|ARM = Debug|ARM
		Debug|x64 = Debug|x64
		Debug|x86 = Debug|x86
		Release|Any CPU = Release|Any CPU
		Release|ARM = Release|ARM
		Release|x64 = Release|x64
		Release|x86 = Release|x86
	EndGlobalSection
	GlobalSection(ProjectConfigurationPlatforms) = postSolution
		{2F7AE709-7244-4090-A4B9-1EE8A1180458}.Debug|Any CPU.ActiveCfg = Debug|x64
		{2F7AE709-7244-4090-A4B9-1EE8A1180458}.Debug|Any CPU.Build.0 = Debug|x64
		{2F7AE709-7244-4090-A4B9-1EE8A1180458}.Debug|Any CPU.Deploy.0 = Debug|x64
		{2F7AE709-7244-4090-A4B9-1EE8A1180458}.Debug|ARM.ActiveCfg = Debug|ARM
		{2F7AE709-7244-4090-A4B9-1EE8A1180458}.Debug|ARM.Build.0 = Debug|ARM
		{2F7AE709-7244-4090-A4B9-1EE8A1180458}.Debug|ARM.Deploy.0 = Debug|ARM
		{2F7AE709-7244-4090-A4B9-1EE8A1180458}.Debug|x64.ActiveCfg = Debug|x64
		{2F7AE709-7244-4090-A4B9-1EE8A1180458}.Debug|x64.Build.0 = Debug|x64
		{2F7AE709-7244-4090-A4B9-1EE8A1180458}.Debug|x64.Deploy.0 = Debug|x64
		{2F7AE709-7244-4090-A4B9-1EE8A1180458}.Debug|x86.ActiveCfg = Debug|x86
		{2F7AE709-7244-4090-A4B9-1EE8A1180458}.Debug|x86.Build.0 = Debug|x86
		{2F7AE709-7244-4090-A4B9-1EE8A1180458}.Debug|x86.Deploy.0 = Debug|x86
		{2F7AE709-7244-4090-A4B9-1EE8A1180458}.Release|Any CPU.ActiveCfg = Release|x64
		{2F7AE709-7244-4090-A4B9-1EE8A1180458}.Release|Any CPU.Build.0 = Release|x64
		{2F7AE709-7244-4090-A4B9-1EE8A1180458}.Release|Any CPU.Deploy.0 = Release|x64
		{2F7AE709-7244-4090-A4B9-1EE8A1180458}.Release|ARM.ActiveCfg = Release|ARM
		{2F7AE709-7244-4090-A4B9-1EE8A1180458}.Release|ARM.Build.0 = Release|ARM
		{2F7AE709-7244-4090-A4B9-1EE8A1180458}.Release|ARM.Deploy.0 = Release|ARM
		{2F7AE709-7244-4090-A4B9-1EE8A1180458}.Release|x64.ActiveCfg = Release|x64
		{2F7AE709-7244-4090-A4B9-1EE8A1180458}.Release|x64.Build.0 = Release|x64
		{2F7AE709-7244-4090-A4B9-1EE8A1180458}.Release|x64.Deploy.0 = Release|x64
		{2F7AE709-7244-4090-A4B9-1EE8A1180458}.Release|x86.ActiveCfg = Release|x86
		{2F7AE709-7244-4090-A4B9-1EE8A1180458}.Release|x86.Build.0 = Release|x86
		{2F7AE709-7244-4090-A4B9-1EE8A1180458}.Release|x86.Deploy.0 = Release|x86
		{9BE48200-F62F-497B-9598-E25C2706D6D9}.Debug|Any CPU.ActiveCfg = Debug|Any CPU
		{9BE48200-F62F-497B-9598-E25C2706D6D9}.Debug|Any CPU.Build.0 = Debug|Any CPU
		{9BE48200-F62F-497B-9598-E25C2706D6D9}.Debug|Any CPU.Deploy.0 = Debug|Any CPU
		{9BE48200-F62F-497B-9598-E25C2706D6D9}.Debug|ARM.ActiveCfg = Debug|Any CPU
		{9BE48200-F62F-497B-9598-E25C2706D6D9}.Debug|ARM.Build.0 = Debug|Any CPU
		{9BE48200-F62F-497B-9598-E25C2706D6D9}.Debug|ARM.Deploy.0 = Debug|Any CPU
		{9BE48200-F62F-497B-9598-E25C2706D6D9}.Debug|x64.ActiveCfg = Debug|Any CPU
		{9BE48200-F62F-497B-9598-E25C2706D6D9}.Debug|x64.Build.0 = Debug|Any CPU
		{9BE48200-F62F-497B-9598-E25C2706D6D9}.Debug|x64.Deploy.0 = Debug|Any CPU
		{9BE48200-F62F-497B-9598-E25C2706D6D9}.Debug|x86.ActiveCfg = Debug|Any CPU
		{9BE48200-F62F-497B-9598-E25C2706D6D9}.Debug|x86.Build.0 = Debug|Any CPU
		{9BE48200-F62F-497B-9598-E25C2706D6D9}.Debug|x86.Deploy.0 = Debug|Any CPU
		{9BE48200-F62F-497B-9598-E25C2706D6D9}.Release|Any CPU.ActiveCfg = Release|Any CPU
		{9BE48200-F62F-497B-9598-E25C2706D6D9}.Release|Any CPU.Build.0 = Release|Any CPU
		{9BE48200-F62F-497B-9598-E25C2706D6D9}.Release|Any CPU.Deploy.0 = Release|Any CPU
		{9BE48200-F62F-497B-9598-E25C2706D6D9}.Release|ARM.ActiveCfg = Release|Any CPU
		{9BE48200-F62F-497B-9598-E25C2706D6D9}.Release|ARM.Build.0 = Release|Any CPU
		{9BE48200-F62F-497B-9598-E25C2706D6D9}.Release|ARM.Deploy.0 = Release|Any CPU
		{9BE48200-F62F-497B-9598-E25C2706D6D9}.Release|x64.ActiveCfg = Release|Any CPU
		{9BE48200-F62F-497B-9598-E25C2706D6D9}.Release|x64.Build.0 = Release|Any CPU
		{9BE48200-F62F-497B-9598-E25C2706D6D9}.Release|x64.Deploy.0 = Release|Any CPU
		{9BE48200-F62F-497B-9598-E25C2706D6D9}.Release|x86.ActiveCfg = Release|Any CPU
		{9BE48200-F62F-497B-9598-E25C2706D6D9}.Release|x86.Build.0 = Release|Any CPU
		{9BE48200-F62F-497B-9598-E25C2706D6D9}.Release|x86.Deploy.0 = Release|Any CPU
		{7C9146C0-7E01-4192-BC20-77F6B302CE72}.Debug|Any CPU.ActiveCfg = Debug|Any CPU
		{7C9146C0-7E01-4192-BC20-77F6B302CE72}.Debug|Any CPU.Build.0 = Debug|Any CPU
		{7C9146C0-7E01-4192-BC20-77F6B302CE72}.Debug|Any CPU.Deploy.0 = Debug|Any CPU
		{7C9146C0-7E01-4192-BC20-77F6B302CE72}.Debug|ARM.ActiveCfg = Debug|Any CPU
		{7C9146C0-7E01-4192-BC20-77F6B302CE72}.Debug|ARM.Build.0 = Debug|Any CPU
		{7C9146C0-7E01-4192-BC20-77F6B302CE72}.Debug|ARM.Deploy.0 = Debug|Any CPU
		{7C9146C0-7E01-4192-BC20-77F6B302CE72}.Debug|x64.ActiveCfg = Debug|Any CPU
		{7C9146C0-7E01-4192-BC20-77F6B302CE72}.Debug|x64.Build.0 = Debug|Any CPU
		{7C9146C0-7E01-4192-BC20-77F6B302CE72}.Debug|x64.Deploy.0 = Debug|Any CPU
		{7C9146C0-7E01-4192-BC20-77F6B302CE72}.Debug|x86.ActiveCfg = Debug|Any CPU
		{7C9146C0-7E01-4192-BC20-77F6B302CE72}.Debug|x86.Build.0 = Debug|Any CPU
		{7C9146C0-7E01-4192-BC20-77F6B302CE72}.Debug|x86.Deploy.0 = Debug|Any CPU
		{7C9146C0-7E01-4192-BC20-77F6B302CE72}.Release|Any CPU.ActiveCfg = Release|Any CPU
		{7C9146C0-7E01-4192-BC20-77F6B302CE72}.Release|Any CPU.Build.0 = Release|Any CPU
		{7C9146C0-7E01-4192-BC20-77F6B302CE72}.Release|Any CPU.Deploy.0 = Release|Any CPU
		{7C9146C0-7E01-4192-BC20-77F6B302CE72}.Release|ARM.ActiveCfg = Release|Any CPU
		{7C9146C0-7E01-4192-BC20-77F6B302CE72}.Release|ARM.Build.0 = Release|Any CPU
		{7C9146C0-7E01-4192-BC20-77F6B302CE72}.Release|ARM.Deploy.0 = Release|Any CPU
		{7C9146C0-7E01-4192-BC20-77F6B302CE72}.Release|x64.ActiveCfg = Release|Any CPU
		{7C9146C0-7E01-4192-BC20-77F6B302CE72}.Release|x64.Build.0 = Release|Any CPU
		{7C9146C0-7E01-4192-BC20-77F6B302CE72}.Release|x64.Deploy.0 = Release|Any CPU
		{7C9146C0-7E01-4192-BC20-77F6B302CE72}.Release|x86.ActiveCfg = Release|Any CPU
		{7C9146C0-7E01-4192-BC20-77F6B302CE72}.Release|x86.Build.0 = Release|Any CPU
		{7C9146C0-7E01-4192-BC20-77F6B302CE72}.Release|x86.Deploy.0 = Release|Any CPU
	EndGlobalSection
	GlobalSection(SolutionProperties) = preSolution
		HideSolutionNode = FALSE
	EndGlobalSection
	GlobalSection(ExtensibilityGlobals) = postSolution
		SolutionGuid = {0C2E1D05-5F07-4FBD-8D44-E5C562DA1894}
	EndGlobalSection
EndGlobal
